// !$*UTF8*$!
{
	archiveVersion = 1;
	classes = {
	};
	objectVersion = 50;
	objects = {

/* Begin PBXBuildFile section */
		4601DC8C2162E6C300E7FF73 /* AppDelegate.m in Sources */ = {isa = PBXBuildFile; fileRef = 4601DC8B2162E6C300E7FF73 /* AppDelegate.m */; };
		4601DC922162E6C300E7FF73 /* Main.storyboard in Resources */ = {isa = PBXBuildFile; fileRef = 4601DC902162E6C300E7FF73 /* Main.storyboard */; };
		4601DC972162E6C400E7FF73 /* LaunchScreen.storyboard in Resources */ = {isa = PBXBuildFile; fileRef = 4601DC952162E6C400E7FF73 /* LaunchScreen.storyboard */; };
		4601DC9A2162E6C400E7FF73 /* main.m in Sources */ = {isa = PBXBuildFile; fileRef = 4601DC992162E6C400E7FF73 /* main.m */; };
		4601DCA22162F0A600E7FF73 /* LSIForecast.m in Sources */ = {isa = PBXBuildFile; fileRef = 4601DCA12162F0A600E7FF73 /* LSIForecast.m */; };
		4601DCA72163514400E7FF73 /* LSIForecastController.m in Sources */ = {isa = PBXBuildFile; fileRef = 4601DCA62163514400E7FF73 /* LSIForecastController.m */; };
		4601DCB12163662B00E7FF73 /* LSIForecastCollectionViewCell.m in Sources */ = {isa = PBXBuildFile; fileRef = 4601DCB02163662B00E7FF73 /* LSIForecastCollectionViewCell.m */; };
		467D7F572163677D00E7FF73 /* LSIForecastSearchViewController.m in Sources */ = {isa = PBXBuildFile; fileRef = 467D7F562163677D00E7FF73 /* LSIForecastSearchViewController.m */; };
		467D7F5921636C5D00E7FF73 /* Assets.xcassets in Resources */ = {isa = PBXBuildFile; fileRef = 467D7F5821636C5D00E7FF73 /* Assets.xcassets */; };
/* End PBXBuildFile section */

/* Begin PBXFileReference section */
		4601DC872162E6C300E7FF73 /* WeatherObjC.app */ = {isa = PBXFileReference; explicitFileType = wrapper.application; includeInIndex = 0; path = WeatherObjC.app; sourceTree = BUILT_PRODUCTS_DIR; };
		4601DC8A2162E6C300E7FF73 /* AppDelegate.h */ = {isa = PBXFileReference; lastKnownFileType = sourcecode.c.h; path = AppDelegate.h; sourceTree = "<group>"; };
		4601DC8B2162E6C300E7FF73 /* AppDelegate.m */ = {isa = PBXFileReference; lastKnownFileType = sourcecode.c.objc; path = AppDelegate.m; sourceTree = "<group>"; };
		4601DC912162E6C300E7FF73 /* Base */ = {isa = PBXFileReference; lastKnownFileType = file.storyboard; name = Base; path = Base.lproj/Main.storyboard; sourceTree = "<group>"; };
		4601DC962162E6C400E7FF73 /* Base */ = {isa = PBXFileReference; lastKnownFileType = file.storyboard; name = Base; path = Base.lproj/LaunchScreen.storyboard; sourceTree = "<group>"; };
		4601DC982162E6C400E7FF73 /* Info.plist */ = {isa = PBXFileReference; lastKnownFileType = text.plist.xml; path = Info.plist; sourceTree = "<group>"; };
		4601DC992162E6C400E7FF73 /* main.m */ = {isa = PBXFileReference; lastKnownFileType = sourcecode.c.objc; path = main.m; sourceTree = "<group>"; };
		4601DCA02162F0A600E7FF73 /* LSIForecast.h */ = {isa = PBXFileReference; lastKnownFileType = sourcecode.c.h; path = LSIForecast.h; sourceTree = "<group>"; };
		4601DCA12162F0A600E7FF73 /* LSIForecast.m */ = {isa = PBXFileReference; lastKnownFileType = sourcecode.c.objc; path = LSIForecast.m; sourceTree = "<group>"; };
		4601DCA52163514400E7FF73 /* LSIForecastController.h */ = {isa = PBXFileReference; lastKnownFileType = sourcecode.c.h; path = LSIForecastController.h; sourceTree = "<group>"; };
		4601DCA62163514400E7FF73 /* LSIForecastController.m */ = {isa = PBXFileReference; lastKnownFileType = sourcecode.c.objc; path = LSIForecastController.m; sourceTree = "<group>"; };
		4601DCAF2163662B00E7FF73 /* LSIForecastCollectionViewCell.h */ = {isa = PBXFileReference; lastKnownFileType = sourcecode.c.h; path = LSIForecastCollectionViewCell.h; sourceTree = "<group>"; };
		4601DCB02163662B00E7FF73 /* LSIForecastCollectionViewCell.m */ = {isa = PBXFileReference; lastKnownFileType = sourcecode.c.objc; path = LSIForecastCollectionViewCell.m; sourceTree = "<group>"; };
		467D7F552163677D00E7FF73 /* LSIForecastSearchViewController.h */ = {isa = PBXFileReference; lastKnownFileType = sourcecode.c.h; path = LSIForecastSearchViewController.h; sourceTree = "<group>"; };
		467D7F562163677D00E7FF73 /* LSIForecastSearchViewController.m */ = {isa = PBXFileReference; lastKnownFileType = sourcecode.c.objc; path = LSIForecastSearchViewController.m; sourceTree = "<group>"; };
		467D7F5821636C5D00E7FF73 /* Assets.xcassets */ = {isa = PBXFileReference; lastKnownFileType = folder.assetcatalog; path = Assets.xcassets; sourceTree = "<group>"; };
/* End PBXFileReference section */

/* Begin PBXFrameworksBuildPhase section */
		4601DC842162E6C300E7FF73 /* Frameworks */ = {
			isa = PBXFrameworksBuildPhase;
			buildActionMask = 2147483647;
			files = (
			);
			runOnlyForDeploymentPostprocessing = 0;
		};
/* End PBXFrameworksBuildPhase section */

/* Begin PBXGroup section */
		4601DC7E2162E6C300E7FF73 = {
			isa = PBXGroup;
			children = (
				4601DC892162E6C300E7FF73 /* WeatherObjC */,
				4601DC882162E6C300E7FF73 /* Products */,
			);
			sourceTree = "<group>";
		};
		4601DC882162E6C300E7FF73 /* Products */ = {
			isa = PBXGroup;
			children = (
				4601DC872162E6C300E7FF73 /* WeatherObjC.app */,
			);
			name = Products;
			sourceTree = "<group>";
		};
		4601DC892162E6C300E7FF73 /* WeatherObjC */ = {
			isa = PBXGroup;
			children = (
				4601DCA32162F0AA00E7FF73 /* Model */,
				4601DCA421634F6A00E7FF73 /* Model Controller */,
				4601DCAE2163660B00E7FF73 /* View Controller */,
				4601DCAB216365DF00E7FF73 /* View */,
				4601DCAD216365F900E7FF73 /* Storyboards */,
				4601DCAC216365EA00E7FF73 /* Resources */,
			);
			path = WeatherObjC;
			sourceTree = "<group>";
		};
		4601DCA32162F0AA00E7FF73 /* Model */ = {
			isa = PBXGroup;
			children = (
				4601DCA02162F0A600E7FF73 /* LSIForecast.h */,
				4601DCA12162F0A600E7FF73 /* LSIForecast.m */,
			);
			path = Model;
			sourceTree = "<group>";
		};
		4601DCA421634F6A00E7FF73 /* Model Controller */ = {
			isa = PBXGroup;
			children = (
				4601DCA52163514400E7FF73 /* LSIForecastController.h */,
				4601DCA62163514400E7FF73 /* LSIForecastController.m */,
			);
			path = "Model Controller";
			sourceTree = "<group>";
		};
		4601DCAB216365DF00E7FF73 /* View */ = {
			isa = PBXGroup;
			children = (
				4601DCAF2163662B00E7FF73 /* LSIForecastCollectionViewCell.h */,
				4601DCB02163662B00E7FF73 /* LSIForecastCollectionViewCell.m */,
			);
			path = View;
			sourceTree = "<group>";
		};
		4601DCAC216365EA00E7FF73 /* Resources */ = {
			isa = PBXGroup;
			children = (
				467D7F5821636C5D00E7FF73 /* Assets.xcassets */,
				4601DC8A2162E6C300E7FF73 /* AppDelegate.h */,
				4601DC8B2162E6C300E7FF73 /* AppDelegate.m */,
				4601DC982162E6C400E7FF73 /* Info.plist */,
				4601DC992162E6C400E7FF73 /* main.m */,
			);
			path = Resources;
			sourceTree = "<group>";
		};
		4601DCAD216365F900E7FF73 /* Storyboards */ = {
			isa = PBXGroup;
			children = (
				4601DC902162E6C300E7FF73 /* Main.storyboard */,
				4601DC952162E6C400E7FF73 /* LaunchScreen.storyboard */,
			);
			path = Storyboards;
			sourceTree = "<group>";
		};
		4601DCAE2163660B00E7FF73 /* View Controller */ = {
			isa = PBXGroup;
			children = (
				467D7F552163677D00E7FF73 /* LSIForecastSearchViewController.h */,
				467D7F562163677D00E7FF73 /* LSIForecastSearchViewController.m */,
			);
			path = "View Controller";
			sourceTree = "<group>";
		};
/* End PBXGroup section */

/* Begin PBXNativeTarget section */
		4601DC862162E6C300E7FF73 /* WeatherObjC */ = {
			isa = PBXNativeTarget;
			buildConfigurationList = 4601DC9D2162E6C400E7FF73 /* Build configuration list for PBXNativeTarget "WeatherObjC" */;
			buildPhases = (
				4601DC832162E6C300E7FF73 /* Sources */,
				4601DC842162E6C300E7FF73 /* Frameworks */,
				4601DC852162E6C300E7FF73 /* Resources */,
			);
			buildRules = (
			);
			dependencies = (
			);
			name = WeatherObjC;
			productName = WeatherObjC;
			productReference = 4601DC872162E6C300E7FF73 /* WeatherObjC.app */;
			productType = "com.apple.product-type.application";
		};
/* End PBXNativeTarget section */

/* Begin PBXProject section */
		4601DC7F2162E6C300E7FF73 /* Project object */ = {
			isa = PBXProject;
			attributes = {
				CLASSPREFIX = LSI;
				LastUpgradeCheck = 1000;
				ORGANIZATIONNAME = "Lambda School";
				TargetAttributes = {
					4601DC862162E6C300E7FF73 = {
						CreatedOnToolsVersion = 10.0;
					};
				};
			};
			buildConfigurationList = 4601DC822162E6C300E7FF73 /* Build configuration list for PBXProject "WeatherObjC" */;
			compatibilityVersion = "Xcode 9.3";
			developmentRegion = en;
			hasScannedForEncodings = 0;
			knownRegions = (
				en,
				Base,
			);
			mainGroup = 4601DC7E2162E6C300E7FF73;
			productRefGroup = 4601DC882162E6C300E7FF73 /* Products */;
			projectDirPath = "";
			projectRoot = "";
			targets = (
				4601DC862162E6C300E7FF73 /* WeatherObjC */,
			);
		};
/* End PBXProject section */

/* Begin PBXResourcesBuildPhase section */
		4601DC852162E6C300E7FF73 /* Resources */ = {
			isa = PBXResourcesBuildPhase;
			buildActionMask = 2147483647;
			files = (
				4601DC972162E6C400E7FF73 /* LaunchScreen.storyboard in Resources */,
				467D7F5921636C5D00E7FF73 /* Assets.xcassets in Resources */,
				4601DC922162E6C300E7FF73 /* Main.storyboard in Resources */,
			);
			runOnlyForDeploymentPostprocessing = 0;
		};
/* End PBXResourcesBuildPhase section */

/* Begin PBXSourcesBuildPhase section */
		4601DC832162E6C300E7FF73 /* Sources */ = {
			isa = PBXSourcesBuildPhase;
			buildActionMask = 2147483647;
			files = (
				467D7F572163677D00E7FF73 /* LSIForecastSearchViewController.m in Sources */,
				4601DC9A2162E6C400E7FF73 /* main.m in Sources */,
				4601DCA72163514400E7FF73 /* LSIForecastController.m in Sources */,
				4601DCB12163662B00E7FF73 /* LSIForecastCollectionViewCell.m in Sources */,
				4601DC8C2162E6C300E7FF73 /* AppDelegate.m in Sources */,
				4601DCA22162F0A600E7FF73 /* LSIForecast.m in Sources */,
			);
			runOnlyForDeploymentPostprocessing = 0;
		};
/* End PBXSourcesBuildPhase section */

/* Begin PBXVariantGroup section */
		4601DC902162E6C300E7FF73 /* Main.storyboard */ = {
			isa = PBXVariantGroup;
			children = (
				4601DC912162E6C300E7FF73 /* Base */,
			);
			name = Main.storyboard;
			sourceTree = "<group>";
		};
		4601DC952162E6C400E7FF73 /* LaunchScreen.storyboard */ = {
			isa = PBXVariantGroup;
			children = (
				4601DC962162E6C400E7FF73 /* Base */,
			);
			name = LaunchScreen.storyboard;
			sourceTree = "<group>";
		};
/* End PBXVariantGroup section */

/* Begin XCBuildConfiguration section */
		4601DC9B2162E6C400E7FF73 /* Debug */ = {
			isa = XCBuildConfiguration;
			buildSettings = {
				ALWAYS_SEARCH_USER_PATHS = NO;
				CLANG_ANALYZER_NONNULL = YES;
				CLANG_ANALYZER_NUMBER_OBJECT_CONVERSION = YES_AGGRESSIVE;
				CLANG_CXX_LANGUAGE_STANDARD = "gnu++14";
				CLANG_CXX_LIBRARY = "libc++";
				CLANG_ENABLE_MODULES = YES;
				CLANG_ENABLE_OBJC_ARC = YES;
				CLANG_ENABLE_OBJC_WEAK = YES;
				CLANG_WARN_BLOCK_CAPTURE_AUTORELEASING = YES;
				CLANG_WARN_BOOL_CONVERSION = YES;
				CLANG_WARN_COMMA = YES;
				CLANG_WARN_CONSTANT_CONVERSION = YES;
				CLANG_WARN_DEPRECATED_OBJC_IMPLEMENTATIONS = YES;
				CLANG_WARN_DIRECT_OBJC_ISA_USAGE = YES_ERROR;
				CLANG_WARN_DOCUMENTATION_COMMENTS = YES;
				CLANG_WARN_EMPTY_BODY = YES;
				CLANG_WARN_ENUM_CONVERSION = YES;
				CLANG_WARN_INFINITE_RECURSION = YES;
				CLANG_WARN_INT_CONVERSION = YES;
				CLANG_WARN_NON_LITERAL_NULL_CONVERSION = YES;
				CLANG_WARN_OBJC_IMPLICIT_RETAIN_SELF = YES;
				CLANG_WARN_OBJC_LITERAL_CONVERSION = YES;
				CLANG_WARN_OBJC_ROOT_CLASS = YES_ERROR;
				CLANG_WARN_RANGE_LOOP_ANALYSIS = YES;
				CLANG_WARN_STRICT_PROTOTYPES = YES;
				CLANG_WARN_SUSPICIOUS_MOVE = YES;
				CLANG_WARN_UNGUARDED_AVAILABILITY = YES_AGGRESSIVE;
				CLANG_WARN_UNREACHABLE_CODE = YES;
				CLANG_WARN__DUPLICATE_METHOD_MATCH = YES;
				CODE_SIGN_IDENTITY = "iPhone Developer";
				COPY_PHASE_STRIP = NO;
				DEBUG_INFORMATION_FORMAT = dwarf;
				ENABLE_STRICT_OBJC_MSGSEND = YES;
				ENABLE_TESTABILITY = YES;
				GCC_C_LANGUAGE_STANDARD = gnu11;
				GCC_DYNAMIC_NO_PIC = NO;
				GCC_NO_COMMON_BLOCKS = YES;
				GCC_OPTIMIZATION_LEVEL = 0;
				GCC_PREPROCESSOR_DEFINITIONS = (
					"DEBUG=1",
					"$(inherited)",
				);
				GCC_WARN_64_TO_32_BIT_CONVERSION = YES;
				GCC_WARN_ABOUT_RETURN_TYPE = YES_ERROR;
				GCC_WARN_UNDECLARED_SELECTOR = YES;
				GCC_WARN_UNINITIALIZED_AUTOS = YES_AGGRESSIVE;
				GCC_WARN_UNUSED_FUNCTION = YES;
				GCC_WARN_UNUSED_VARIABLE = YES;
				IPHONEOS_DEPLOYMENT_TARGET = 12.0;
				MTL_ENABLE_DEBUG_INFO = INCLUDE_SOURCE;
				MTL_FAST_MATH = YES;
				ONLY_ACTIVE_ARCH = YES;
				SDKROOT = iphoneos;
			};
			name = Debug;
		};
		4601DC9C2162E6C400E7FF73 /* Release */ = {
			isa = XCBuildConfiguration;
			buildSettings = {
				ALWAYS_SEARCH_USER_PATHS = NO;
				CLANG_ANALYZER_NONNULL = YES;
				CLANG_ANALYZER_NUMBER_OBJECT_CONVERSION = YES_AGGRESSIVE;
				CLANG_CXX_LANGUAGE_STANDARD = "gnu++14";
				CLANG_CXX_LIBRARY = "libc++";
				CLANG_ENABLE_MODULES = YES;
				CLANG_ENABLE_OBJC_ARC = YES;
				CLANG_ENABLE_OBJC_WEAK = YES;
				CLANG_WARN_BLOCK_CAPTURE_AUTORELEASING = YES;
				CLANG_WARN_BOOL_CONVERSION = YES;
				CLANG_WARN_COMMA = YES;
				CLANG_WARN_CONSTANT_CONVERSION = YES;
				CLANG_WARN_DEPRECATED_OBJC_IMPLEMENTATIONS = YES;
				CLANG_WARN_DIRECT_OBJC_ISA_USAGE = YES_ERROR;
				CLANG_WARN_DOCUMENTATION_COMMENTS = YES;
				CLANG_WARN_EMPTY_BODY = YES;
				CLANG_WARN_ENUM_CONVERSION = YES;
				CLANG_WARN_INFINITE_RECURSION = YES;
				CLANG_WARN_INT_CONVERSION = YES;
				CLANG_WARN_NON_LITERAL_NULL_CONVERSION = YES;
				CLANG_WARN_OBJC_IMPLICIT_RETAIN_SELF = YES;
				CLANG_WARN_OBJC_LITERAL_CONVERSION = YES;
				CLANG_WARN_OBJC_ROOT_CLASS = YES_ERROR;
				CLANG_WARN_RANGE_LOOP_ANALYSIS = YES;
				CLANG_WARN_STRICT_PROTOTYPES = YES;
				CLANG_WARN_SUSPICIOUS_MOVE = YES;
				CLANG_WARN_UNGUARDED_AVAILABILITY = YES_AGGRESSIVE;
				CLANG_WARN_UNREACHABLE_CODE = YES;
				CLANG_WARN__DUPLICATE_METHOD_MATCH = YES;
				CODE_SIGN_IDENTITY = "iPhone Developer";
				COPY_PHASE_STRIP = NO;
				DEBUG_INFORMATION_FORMAT = "dwarf-with-dsym";
				ENABLE_NS_ASSERTIONS = NO;
				ENABLE_STRICT_OBJC_MSGSEND = YES;
				GCC_C_LANGUAGE_STANDARD = gnu11;
				GCC_NO_COMMON_BLOCKS = YES;
				GCC_WARN_64_TO_32_BIT_CONVERSION = YES;
				GCC_WARN_ABOUT_RETURN_TYPE = YES_ERROR;
				GCC_WARN_UNDECLARED_SELECTOR = YES;
				GCC_WARN_UNINITIALIZED_AUTOS = YES_AGGRESSIVE;
				GCC_WARN_UNUSED_FUNCTION = YES;
				GCC_WARN_UNUSED_VARIABLE = YES;
				IPHONEOS_DEPLOYMENT_TARGET = 12.0;
				MTL_ENABLE_DEBUG_INFO = NO;
				MTL_FAST_MATH = YES;
				SDKROOT = iphoneos;
				VALIDATE_PRODUCT = YES;
			};
			name = Release;
		};
		4601DC9E2162E6C400E7FF73 /* Debug */ = {
			isa = XCBuildConfiguration;
			buildSettings = {
				ASSETCATALOG_COMPILER_APPICON_NAME = AppIcon;
				ASSETCATALOG_COMPILER_LAUNCHIMAGE_NAME = LaunchImage;
				CODE_SIGN_STYLE = Automatic;
				INFOPLIST_FILE = "$(SRCROOT)/WeatherObjC/Resources/Info.plist";
				LD_RUNPATH_SEARCH_PATHS = (
					"$(inherited)",
					"@executable_path/Frameworks",
				);
				PRODUCT_BUNDLE_IDENTIFIER = com.LambdaSchool.WeatherObjC;
				PRODUCT_NAME = "$(TARGET_NAME)";
				TARGETED_DEVICE_FAMILY = "1,2";
			};
			name = Debug;
		};
		4601DC9F2162E6C400E7FF73 /* Release */ = {
			isa = XCBuildConfiguration;
			buildSettings = {
				ASSETCATALOG_COMPILER_APPICON_NAME = AppIcon;
				ASSETCATALOG_COMPILER_LAUNCHIMAGE_NAME = LaunchImage;
				CODE_SIGN_STYLE = Automatic;
				INFOPLIST_FILE = "$(SRCROOT)/WeatherObjC/Resources/Info.plist";
				LD_RUNPATH_SEARCH_PATHS = (
					"$(inherited)",
					"@executable_path/Frameworks",
				);
				PRODUCT_BUNDLE_IDENTIFIER = com.LambdaSchool.WeatherObjC;
				PRODUCT_NAME = "$(TARGET_NAME)";
				TARGETED_DEVICE_FAMILY = "1,2";
			};
			name = Release;
		};
/* End XCBuildConfiguration section */

/* Begin XCConfigurationList section */
		4601DC822162E6C300E7FF73 /* Build configuration list for PBXProject "WeatherObjC" */ = {
			isa = XCConfigurationList;
			buildConfigurations = (
				4601DC9B2162E6C400E7FF73 /* Debug */,
				4601DC9C2162E6C400E7FF73 /* Release */,
			);
			defaultConfigurationIsVisible = 0;
			defaultConfigurationName = Release;
		};
		4601DC9D2162E6C400E7FF73 /* Build configuration list for PBXNativeTarget "WeatherObjC" */ = {
			isa = XCConfigurationList;
			buildConfigurations = (
				4601DC9E2162E6C400E7FF73 /* Debug */,
				4601DC9F2162E6C400E7FF73 /* Release */,
			);
			defaultConfigurationIsVisible = 0;
			defaultConfigurationName = Release;
		};
/* End XCConfigurationList section */
	};
	rootObject = 4601DC7F2162E6C300E7FF73 /* Project object */;
}
